
Microsoft Visual Studio Solution File, Format Version 12.00
# Visual Studio Version 17
VisualStudioVersion = 17.8.34330.188
MinimumVisualStudioVersion = 10.0.40219.1
Project("{9A19103F-16F7-4668-BE54-9A1E7A4F7556}") = "AppTechnicien", "AppTechnicien\AppTechnicien.csproj", "{553F7D37-7245-48E8-B0D3-218315DE2154}"
EndProject
Project("{9A19103F-16F7-4668-BE54-9A1E7A4F7556}") = "AppBureau", "AppBureau\AppBureau.csproj", "{7C8331BE-DE27-49C7-9E95-71DC452DB8A6}"
EndProject
Project("{FAE04EC0-301F-11D3-BF4B-00C04F79EFBC}") = "BLL", "BLL\BLL.csproj", "{A5770891-0C37-4296-8402-387AC53840FF}"
EndProject
Global
	GlobalSection(SolutionConfigurationPlatforms) = preSolution
		Debug|Any CPU = Debug|Any CPU
		Release|Any CPU = Release|Any CPU
	EndGlobalSection
	GlobalSection(ProjectConfigurationPlatforms) = postSolution
		{553F7D37-7245-48E8-B0D3-218315DE2154}.Debug|Any CPU.ActiveCfg = Debug|Any CPU
		{553F7D37-7245-48E8-B0D3-218315DE2154}.Debug|Any CPU.Build.0 = Debug|Any CPU
		{553F7D37-7245-48E8-B0D3-218315DE2154}.Release|Any CPU.ActiveCfg = Release|Any CPU
		{553F7D37-7245-48E8-B0D3-218315DE2154}.Release|Any CPU.Build.0 = Release|Any CPU
		{7C8331BE-DE27-49C7-9E95-71DC452DB8A6}.Debug|Any CPU.ActiveCfg = Debug|Any CPU
		{7C8331BE-DE27-49C7-9E95-71DC452DB8A6}.Debug|Any CPU.Build.0 = Debug|Any CPU
		{7C8331BE-DE27-49C7-9E95-71DC452DB8A6}.Release|Any CPU.ActiveCfg = Release|Any CPU
		{7C8331BE-DE27-49C7-9E95-71DC452DB8A6}.Release|Any CPU.Build.0 = Release|Any CPU
		{A5770891-0C37-4296-8402-387AC53840FF}.Debug|Any CPU.ActiveCfg = Debug|Any CPU
		{A5770891-0C37-4296-8402-387AC53840FF}.Debug|Any CPU.Build.0 = Debug|Any CPU
		{A5770891-0C37-4296-8402-387AC53840FF}.Release|Any CPU.ActiveCfg = Release|Any CPU
		{A5770891-0C37-4296-8402-387AC53840FF}.Release|Any CPU.Build.0 = Release|Any CPU
	EndGlobalSection
	GlobalSection(SolutionProperties) = preSolution
		HideSolutionNode = FALSE
	EndGlobalSection
	GlobalSection(ExtensibilityGlobals) = postSolution
		SolutionGuid = {434CC858-9CCD-4A0A-94C4-431C9CE0D2BB}
	EndGlobalSection
EndGlobal
